
Microsoft Visual Studio Solution File, Format Version 12.00
Project("{FAE04EC0-301F-11D3-BF4B-00C04F79EFBC}") = "ProjectForest", "ProjectForest\ProjectForest.csproj", "{C1BA68E2-5276-451C-B477-A9495972347B}"
EndProject
Project("{FAE04EC0-301F-11D3-BF4B-00C04F79EFBC}") = "Milkway", "..\Milkway\Milkway\Milkway.csproj", "{A07861BF-93B5-4C48-AE06-4BEEDFB01D56}"
EndProject
Global
	GlobalSection(SolutionConfigurationPlatforms) = preSolution
		Debug|Any CPU = Debug|Any CPU
		Release|Any CPU = Release|Any CPU
	EndGlobalSection
	GlobalSection(ProjectConfigurationPlatforms) = postSolution
		{C1BA68E2-5276-451C-B477-A9495972347B}.Debug|Any CPU.ActiveCfg = Debug|Any CPU
		{C1BA68E2-5276-451C-B477-A9495972347B}.Debug|Any CPU.Build.0 = Debug|Any CPU
		{C1BA68E2-5276-451C-B477-A9495972347B}.Release|Any CPU.ActiveCfg = Release|Any CPU
		{C1BA68E2-5276-451C-B477-A9495972347B}.Release|Any CPU.Build.0 = Release|Any CPU
		{A07861BF-93B5-4C48-AE06-4BEEDFB01D56}.Debug|Any CPU.ActiveCfg = Debug|Any CPU
		{A07861BF-93B5-4C48-AE06-4BEEDFB01D56}.Debug|Any CPU.Build.0 = Debug|Any CPU
		{A07861BF-93B5-4C48-AE06-4BEEDFB01D56}.Release|Any CPU.ActiveCfg = Release|Any CPU
		{A07861BF-93B5-4C48-AE06-4BEEDFB01D56}.Release|Any CPU.Build.0 = Release|Any CPU
	EndGlobalSection
EndGlobal
